PODS:
  - caf_face_auth (5.0.0):
    - FaceAuth (= 6.1.0)
    - Flutter
  - CafSolutions (1.0.0)
  - FaceAuth (6.1.0):
    - FaceLiveness (= 6.1.0)
  - FaceLiveness (6.1.0):
    - CafSolutions (= 1.0.0)
    - FingerprintPro (= 2.6.0)
    - iProov (= 12.0.0)
  - FingerprintPro (2.6.0)
  - Flutter (1.0.0)
  - integration_test (0.0.1):
    - Flutter
  - iProov (12.0.0)

DEPENDENCIES:
  - caf_face_auth (from `.symlinks/plugins/caf_face_auth/ios`)
  - Flutter (from `Flutter`)
  - integration_test (from `.symlinks/plugins/integration_test/ios`)

SPEC REPOS:
  https://github.com/combateafraude/iOS.git:
    - CafSolutions
    - FaceAuth
    - FaceLiveness
  trunk:
    - FingerprintPro
    - iProov

EXTERNAL SOURCES:
  caf_face_auth:
    :path: ".symlinks/plugins/caf_face_auth/ios"
  Flutter:
    :path: Flutter
  integration_test:
    :path: ".symlinks/plugins/integration_test/ios"

SPEC CHECKSUMS:
  caf_face_auth: 468c5578b265f26907da9cda376fa341bfdf7919
  CafSolutions: 0c57ae899d302af14fd2af366bd0bdeddff2dcbd
  FaceAuth: d98c2c59d2f976ae84f9e335f059f14aa47f2df0
  FaceLiveness: 09c168316792cf58d1d28c260150e7263b6f2c9a
  FingerprintPro: 3f06f491c77d871ab543b49fd25fddc52dc34f8c
  Flutter: e0871f40cf51350855a761d2e70bf5af5b9b5de7
  integration_test: 13825b8a9334a850581300559b8839134b124670
  iProov: 1921d2fdbd8f8fa24d4694c2150c2c0bac0371a6

PODFILE CHECKSUM: b7995f9cf5079a43a8a278835b1749513e50fe40

COCOAPODS: 1.15.2
